
Microsoft Visual Studio Solution File, Format Version 12.00
# Visual Studio Version 17
VisualStudioVersion = 17.13.35931.197
MinimumVisualStudioVersion = 10.0.40219.1
Project("{FAE04EC0-301F-11D3-BF4B-00C04F79EFBC}") = "AcademiaDoZe.Domain", "BibliotecaDoZe.Domain\AcademiaDoZe.Domain.csproj", "{54D78B5D-BC65-4E02-AE59-20CD1DE72775}"
EndProject
Project("{FAE04EC0-301F-11D3-BF4B-00C04F79EFBC}") = "AcademiaDoZe.Domain.Tests", "AcademiaDoZe.Domain.Tests\AcademiaDoZe.Domain.Tests.csproj", "{2B99E865-9342-4AA5-83EF-6B78E373EBB0}"
EndProject
Project("{FAE04EC0-301F-11D3-BF4B-00C04F79EFBC}") = "AcademiaDoZe.Infraestrutura", "AcademiaDoZe.Infraestrutura\AcademiaDoZe.Infraestrutura.csproj", "{B9E3F9A8-F9C3-4591-9C46-1F7D89794068}"
EndProject
Global
	GlobalSection(SolutionConfigurationPlatforms) = preSolution
		Debug|Any CPU = Debug|Any CPU
		Release|Any CPU = Release|Any CPU
	EndGlobalSection
	GlobalSection(ProjectConfigurationPlatforms) = postSolution
		{54D78B5D-BC65-4E02-AE59-20CD1DE72775}.Debug|Any CPU.ActiveCfg = Debug|Any CPU
		{54D78B5D-BC65-4E02-AE59-20CD1DE72775}.Debug|Any CPU.Build.0 = Debug|Any CPU
		{54D78B5D-BC65-4E02-AE59-20CD1DE72775}.Release|Any CPU.ActiveCfg = Release|Any CPU
		{54D78B5D-BC65-4E02-AE59-20CD1DE72775}.Release|Any CPU.Build.0 = Release|Any CPU
		{2B99E865-9342-4AA5-83EF-6B78E373EBB0}.Debug|Any CPU.ActiveCfg = Debug|Any CPU
		{2B99E865-9342-4AA5-83EF-6B78E373EBB0}.Debug|Any CPU.Build.0 = Debug|Any CPU
		{2B99E865-9342-4AA5-83EF-6B78E373EBB0}.Release|Any CPU.ActiveCfg = Release|Any CPU
		{2B99E865-9342-4AA5-83EF-6B78E373EBB0}.Release|Any CPU.Build.0 = Release|Any CPU
		{B9E3F9A8-F9C3-4591-9C46-1F7D89794068}.Debug|Any CPU.ActiveCfg = Debug|Any CPU
		{B9E3F9A8-F9C3-4591-9C46-1F7D89794068}.Debug|Any CPU.Build.0 = Debug|Any CPU
		{B9E3F9A8-F9C3-4591-9C46-1F7D89794068}.Release|Any CPU.ActiveCfg = Release|Any CPU
		{B9E3F9A8-F9C3-4591-9C46-1F7D89794068}.Release|Any CPU.Build.0 = Release|Any CPU
	EndGlobalSection
	GlobalSection(SolutionProperties) = preSolution
		HideSolutionNode = FALSE
	EndGlobalSection
	GlobalSection(ExtensibilityGlobals) = postSolution
		SolutionGuid = {4D2CBBED-B7AC-42FB-B1DD-2BDB0025AC14}
	EndGlobalSection
EndGlobal
